// !$*UTF8*$!
{
	archiveVersion = 1;
	classes = {
	};
	objectVersion = 56;
	objects = {

/* Begin PBXBuildFile section */
		51339E292DD3399B00238B19 /* GlossikaVideoPlayerApp.swift in Sources */ = {isa = PBXBuildFile; fileRef = 51339E282DD3399B00238B19 /* GlossikaVideoPlayerApp.swift */; };
		51339E2B2DD3399B00238B19 /* VideoListView.swift in Sources */ = {isa = PBXBuildFile; fileRef = 51339E2A2DD3399B00238B19 /* VideoListView.swift */; };
		51339E2D2DD3399D00238B19 /* Assets.xcassets in Resources */ = {isa = PBXBuildFile; fileRef = 51339E2C2DD3399D00238B19 /* Assets.xcassets */; };
		51339E302DD3399D00238B19 /* Preview Assets.xcassets in Resources */ = {isa = PBXBuildFile; fileRef = 51339E2F2DD3399D00238B19 /* Preview Assets.xcassets */; };
		51339E3A2DD33B5400238B19 /* VideoSource.swift in Sources */ = {isa = PBXBuildFile; fileRef = 51339E392DD33B5400238B19 /* VideoSource.swift */; };
		51339E3C2DD33D1C00238B19 /* VideoItem.swift in Sources */ = {isa = PBXBuildFile; fileRef = 51339E3B2DD33D1C00238B19 /* VideoItem.swift */; };
		51339E402DD33D7300238B19 /* VideoListViewModel.swift in Sources */ = {isa = PBXBuildFile; fileRef = 51339E3F2DD33D7300238B19 /* VideoListViewModel.swift */; };
		51339E452DD3429100238B19 /* VideoListCell.swift in Sources */ = {isa = PBXBuildFile; fileRef = 51339E442DD3429100238B19 /* VideoListCell.swift */; };
		51339E4B2DD3452800238B19 /* Kingfisher in Frameworks */ = {isa = PBXBuildFile; productRef = 51339E4A2DD3452800238B19 /* Kingfisher */; };
		51339E4E2DD3492A00238B19 /* PlayerViewModel.swift in Sources */ = {isa = PBXBuildFile; fileRef = 51339E4D2DD3492A00238B19 /* PlayerViewModel.swift */; };
		51339E502DD3493600238B19 /* PlayerContainerView.swift in Sources */ = {isa = PBXBuildFile; fileRef = 51339E4F2DD3493600238B19 /* PlayerContainerView.swift */; };
		51339E532DD34A6000238B19 /* AVPlayerUIView.swift in Sources */ = {isa = PBXBuildFile; fileRef = 51339E522DD34A6000238B19 /* AVPlayerUIView.swift */; };
/* End PBXBuildFile section */

/* Begin PBXFileReference section */
		51339E252DD3399B00238B19 /* GlossikaVideoPlayer.app */ = {isa = PBXFileReference; explicitFileType = wrapper.application; includeInIndex = 0; path = GlossikaVideoPlayer.app; sourceTree = BUILT_PRODUCTS_DIR; };
		51339E282DD3399B00238B19 /* GlossikaVideoPlayerApp.swift */ = {isa = PBXFileReference; lastKnownFileType = sourcecode.swift; path = GlossikaVideoPlayerApp.swift; sourceTree = "<group>"; };
		51339E2A2DD3399B00238B19 /* VideoListView.swift */ = {isa = PBXFileReference; lastKnownFileType = sourcecode.swift; path = VideoListView.swift; sourceTree = "<group>"; };
		51339E2C2DD3399D00238B19 /* Assets.xcassets */ = {isa = PBXFileReference; lastKnownFileType = folder.assetcatalog; path = Assets.xcassets; sourceTree = "<group>"; };
		51339E2F2DD3399D00238B19 /* Preview Assets.xcassets */ = {isa = PBXFileReference; lastKnownFileType = folder.assetcatalog; path = "Preview Assets.xcassets"; sourceTree = "<group>"; };
		51339E392DD33B5400238B19 /* VideoSource.swift */ = {isa = PBXFileReference; lastKnownFileType = sourcecode.swift; path = VideoSource.swift; sourceTree = "<group>"; };
		51339E3B2DD33D1C00238B19 /* VideoItem.swift */ = {isa = PBXFileReference; lastKnownFileType = sourcecode.swift; path = VideoItem.swift; sourceTree = "<group>"; };
		51339E3F2DD33D7300238B19 /* VideoListViewModel.swift */ = {isa = PBXFileReference; lastKnownFileType = sourcecode.swift; path = VideoListViewModel.swift; sourceTree = "<group>"; };
		51339E412DD3415100238B19 /* Info.plist */ = {isa = PBXFileReference; lastKnownFileType = text.plist; path = Info.plist; sourceTree = "<group>"; };
		51339E442DD3429100238B19 /* VideoListCell.swift */ = {isa = PBXFileReference; lastKnownFileType = sourcecode.swift; path = VideoListCell.swift; sourceTree = "<group>"; };
		51339E4D2DD3492A00238B19 /* PlayerViewModel.swift */ = {isa = PBXFileReference; lastKnownFileType = sourcecode.swift; path = PlayerViewModel.swift; sourceTree = "<group>"; };
		51339E4F2DD3493600238B19 /* PlayerContainerView.swift */ = {isa = PBXFileReference; lastKnownFileType = sourcecode.swift; path = PlayerContainerView.swift; sourceTree = "<group>"; };
		51339E522DD34A6000238B19 /* AVPlayerUIView.swift */ = {isa = PBXFileReference; lastKnownFileType = sourcecode.swift; path = AVPlayerUIView.swift; sourceTree = "<group>"; };
/* End PBXFileReference section */

/* Begin PBXFrameworksBuildPhase section */
		51339E222DD3399B00238B19 /* Frameworks */ = {
			isa = PBXFrameworksBuildPhase;
			buildActionMask = 2147483647;
			files = (
				51339E4B2DD3452800238B19 /* Kingfisher in Frameworks */,
			);
			runOnlyForDeploymentPostprocessing = 0;
		};
/* End PBXFrameworksBuildPhase section */

/* Begin PBXGroup section */
		51339E1C2DD3399B00238B19 = {
			isa = PBXGroup;
			children = (
				51339E272DD3399B00238B19 /* GlossikaVideoPlayer */,
				51339E262DD3399B00238B19 /* Products */,
			);
			sourceTree = "<group>";
		};
		51339E262DD3399B00238B19 /* Products */ = {
			isa = PBXGroup;
			children = (
				51339E252DD3399B00238B19 /* GlossikaVideoPlayer.app */,
			);
			name = Products;
			sourceTree = "<group>";
		};
		51339E272DD3399B00238B19 /* GlossikaVideoPlayer */ = {
			isa = PBXGroup;
			children = (
				51339E412DD3415100238B19 /* Info.plist */,
				51339E3E2DD33D4A00238B19 /* App */,
				51339E362DD33B2100238B19 /* Features */,
				51339E2C2DD3399D00238B19 /* Assets.xcassets */,
				51339E2E2DD3399D00238B19 /* Preview Content */,
			);
			path = GlossikaVideoPlayer;
			sourceTree = "<group>";
		};
		51339E2E2DD3399D00238B19 /* Preview Content */ = {
			isa = PBXGroup;
			children = (
				51339E2F2DD3399D00238B19 /* Preview Assets.xcassets */,
			);
			path = "Preview Content";
			sourceTree = "<group>";
		};
		51339E362DD33B2100238B19 /* Features */ = {
			isa = PBXGroup;
			children = (
				51339E4C2DD3491200238B19 /* VideoPlayer */,
				51339E372DD33B2800238B19 /* VideoList */,
			);
			path = Features;
			sourceTree = "<group>";
		};
		51339E372DD33B2800238B19 /* VideoList */ = {
			isa = PBXGroup;
			children = (
				51339E422DD3427C00238B19 /* Views */,
				51339E3D2DD33D2800238B19 /* ViewModel */,
				51339E382DD33B3A00238B19 /* Models */,
			);
			path = VideoList;
			sourceTree = "<group>";
		};
		51339E382DD33B3A00238B19 /* Models */ = {
			isa = PBXGroup;
			children = (
				51339E392DD33B5400238B19 /* VideoSource.swift */,
				51339E3B2DD33D1C00238B19 /* VideoItem.swift */,
			);
			path = Models;
			sourceTree = "<group>";
		};
		51339E3D2DD33D2800238B19 /* ViewModel */ = {
			isa = PBXGroup;
			children = (
				51339E3F2DD33D7300238B19 /* VideoListViewModel.swift */,
			);
			path = ViewModel;
			sourceTree = "<group>";
		};
		51339E3E2DD33D4A00238B19 /* App */ = {
			isa = PBXGroup;
			children = (
				51339E282DD3399B00238B19 /* GlossikaVideoPlayerApp.swift */,
			);
			path = App;
			sourceTree = "<group>";
		};
		51339E422DD3427C00238B19 /* Views */ = {
			isa = PBXGroup;
			children = (
				51339E432DD3428400238B19 /* Components */,
				51339E2A2DD3399B00238B19 /* VideoListView.swift */,
			);
			path = Views;
			sourceTree = "<group>";
		};
		51339E432DD3428400238B19 /* Components */ = {
			isa = PBXGroup;
			children = (
				51339E442DD3429100238B19 /* VideoListCell.swift */,
			);
			path = Components;
			sourceTree = "<group>";
		};
		51339E4C2DD3491200238B19 /* VideoPlayer */ = {
			isa = PBXGroup;
			children = (
				51339E512DD34A5100238B19 /* Components */,
				51339E4D2DD3492A00238B19 /* PlayerViewModel.swift */,
				51339E4F2DD3493600238B19 /* PlayerContainerView.swift */,
			);
			path = VideoPlayer;
			sourceTree = "<group>";
		};
		51339E512DD34A5100238B19 /* Components */ = {
			isa = PBXGroup;
			children = (
				51339E522DD34A6000238B19 /* AVPlayerUIView.swift */,
			);
			path = Components;
			sourceTree = "<group>";
		};
/* End PBXGroup section */

/* Begin PBXNativeTarget section */
		51339E242DD3399B00238B19 /* GlossikaVideoPlayer */ = {
			isa = PBXNativeTarget;
			buildConfigurationList = 51339E332DD3399D00238B19 /* Build configuration list for PBXNativeTarget "GlossikaVideoPlayer" */;
			buildPhases = (
				51339E212DD3399B00238B19 /* Sources */,
				51339E222DD3399B00238B19 /* Frameworks */,
				51339E232DD3399B00238B19 /* Resources */,
			);
			buildRules = (
			);
			dependencies = (
			);
			name = GlossikaVideoPlayer;
			packageProductDependencies = (
				51339E4A2DD3452800238B19 /* Kingfisher */,
			);
			productName = GlossikaVideoPlayer;
			productReference = 51339E252DD3399B00238B19 /* GlossikaVideoPlayer.app */;
			productType = "com.apple.product-type.application";
		};
/* End PBXNativeTarget section */

/* Begin PBXProject section */
		51339E1D2DD3399B00238B19 /* Project object */ = {
			isa = PBXProject;
			attributes = {
				BuildIndependentTargetsInParallel = 1;
				LastSwiftUpdateCheck = 1410;
				LastUpgradeCheck = 1410;
				TargetAttributes = {
					51339E242DD3399B00238B19 = {
						CreatedOnToolsVersion = 14.1;
					};
				};
			};
			buildConfigurationList = 51339E202DD3399B00238B19 /* Build configuration list for PBXProject "GlossikaVideoPlayer" */;
			compatibilityVersion = "Xcode 14.0";
			developmentRegion = en;
			hasScannedForEncodings = 0;
			knownRegions = (
				en,
				Base,
			);
			mainGroup = 51339E1C2DD3399B00238B19;
			packageReferences = (
				51339E492DD3452800238B19 /* XCRemoteSwiftPackageReference "Kingfisher" */,
			);
			productRefGroup = 51339E262DD3399B00238B19 /* Products */;
			projectDirPath = "";
			projectRoot = "";
			targets = (
				51339E242DD3399B00238B19 /* GlossikaVideoPlayer */,
			);
		};
/* End PBXProject section */

/* Begin PBXResourcesBuildPhase section */
		51339E232DD3399B00238B19 /* Resources */ = {
			isa = PBXResourcesBuildPhase;
			buildActionMask = 2147483647;
			files = (
				51339E302DD3399D00238B19 /* Preview Assets.xcassets in Resources */,
				51339E2D2DD3399D00238B19 /* Assets.xcassets in Resources */,
			);
			runOnlyForDeploymentPostprocessing = 0;
		};
/* End PBXResourcesBuildPhase section */

/* Begin PBXSourcesBuildPhase section */
		51339E212DD3399B00238B19 /* Sources */ = {
			isa = PBXSourcesBuildPhase;
			buildActionMask = 2147483647;
			files = (
				51339E3C2DD33D1C00238B19 /* VideoItem.swift in Sources */,
				51339E2B2DD3399B00238B19 /* VideoListView.swift in Sources */,
				51339E292DD3399B00238B19 /* GlossikaVideoPlayerApp.swift in Sources */,
				51339E402DD33D7300238B19 /* VideoListViewModel.swift in Sources */,
				51339E3A2DD33B5400238B19 /* VideoSource.swift in Sources */,
				51339E532DD34A6000238B19 /* AVPlayerUIView.swift in Sources */,
				51339E4E2DD3492A00238B19 /* PlayerViewModel.swift in Sources */,
				51339E452DD3429100238B19 /* VideoListCell.swift in Sources */,
				51339E502DD3493600238B19 /* PlayerContainerView.swift in Sources */,
			);
			runOnlyForDeploymentPostprocessing = 0;
		};
/* End PBXSourcesBuildPhase section */

/* Begin XCBuildConfiguration section */
		51339E312DD3399D00238B19 /* Debug */ = {
			isa = XCBuildConfiguration;
			buildSettings = {
				ALWAYS_SEARCH_USER_PATHS = NO;
				CLANG_ANALYZER_NONNULL = YES;
				CLANG_ANALYZER_NUMBER_OBJECT_CONVERSION = YES_AGGRESSIVE;
				CLANG_CXX_LANGUAGE_STANDARD = "gnu++20";
				CLANG_ENABLE_MODULES = YES;
				CLANG_ENABLE_OBJC_ARC = YES;
				CLANG_ENABLE_OBJC_WEAK = YES;
				CLANG_WARN_BLOCK_CAPTURE_AUTORELEASING = YES;
				CLANG_WARN_BOOL_CONVERSION = YES;
				CLANG_WARN_COMMA = YES;
				CLANG_WARN_CONSTANT_CONVERSION = YES;
				CLANG_WARN_DEPRECATED_OBJC_IMPLEMENTATIONS = YES;
				CLANG_WARN_DIRECT_OBJC_ISA_USAGE = YES_ERROR;
				CLANG_WARN_DOCUMENTATION_COMMENTS = YES;
				CLANG_WARN_EMPTY_BODY = YES;
				CLANG_WARN_ENUM_CONVERSION = YES;
				CLANG_WARN_INFINITE_RECURSION = YES;
				CLANG_WARN_INT_CONVERSION = YES;
				CLANG_WARN_NON_LITERAL_NULL_CONVERSION = YES;
				CLANG_WARN_OBJC_IMPLICIT_RETAIN_SELF = YES;
				CLANG_WARN_OBJC_LITERAL_CONVERSION = YES;
				CLANG_WARN_OBJC_ROOT_CLASS = YES_ERROR;
				CLANG_WARN_QUOTED_INCLUDE_IN_FRAMEWORK_HEADER = YES;
				CLANG_WARN_RANGE_LOOP_ANALYSIS = YES;
				CLANG_WARN_STRICT_PROTOTYPES = YES;
				CLANG_WARN_SUSPICIOUS_MOVE = YES;
				CLANG_WARN_UNGUARDED_AVAILABILITY = YES_AGGRESSIVE;
				CLANG_WARN_UNREACHABLE_CODE = YES;
				CLANG_WARN__DUPLICATE_METHOD_MATCH = YES;
				COPY_PHASE_STRIP = NO;
				DEBUG_INFORMATION_FORMAT = dwarf;
				ENABLE_STRICT_OBJC_MSGSEND = YES;
				ENABLE_TESTABILITY = YES;
				GCC_C_LANGUAGE_STANDARD = gnu11;
				GCC_DYNAMIC_NO_PIC = NO;
				GCC_NO_COMMON_BLOCKS = YES;
				GCC_OPTIMIZATION_LEVEL = 0;
				GCC_PREPROCESSOR_DEFINITIONS = (
					"DEBUG=1",
					"$(inherited)",
				);
				GCC_WARN_64_TO_32_BIT_CONVERSION = YES;
				GCC_WARN_ABOUT_RETURN_TYPE = YES_ERROR;
				GCC_WARN_UNDECLARED_SELECTOR = YES;
				GCC_WARN_UNINITIALIZED_AUTOS = YES_AGGRESSIVE;
				GCC_WARN_UNUSED_FUNCTION = YES;
				GCC_WARN_UNUSED_VARIABLE = YES;
				IPHONEOS_DEPLOYMENT_TARGET = 16.1;
				MTL_ENABLE_DEBUG_INFO = INCLUDE_SOURCE;
				MTL_FAST_MATH = YES;
				ONLY_ACTIVE_ARCH = YES;
				SDKROOT = iphoneos;
				SWIFT_ACTIVE_COMPILATION_CONDITIONS = DEBUG;
				SWIFT_OPTIMIZATION_LEVEL = "-Onone";
			};
			name = Debug;
		};
		51339E322DD3399D00238B19 /* Release */ = {
			isa = XCBuildConfiguration;
			buildSettings = {
				ALWAYS_SEARCH_USER_PATHS = NO;
				CLANG_ANALYZER_NONNULL = YES;
				CLANG_ANALYZER_NUMBER_OBJECT_CONVERSION = YES_AGGRESSIVE;
				CLANG_CXX_LANGUAGE_STANDARD = "gnu++20";
				CLANG_ENABLE_MODULES = YES;
				CLANG_ENABLE_OBJC_ARC = YES;
				CLANG_ENABLE_OBJC_WEAK = YES;
				CLANG_WARN_BLOCK_CAPTURE_AUTORELEASING = YES;
				CLANG_WARN_BOOL_CONVERSION = YES;
				CLANG_WARN_COMMA = YES;
				CLANG_WARN_CONSTANT_CONVERSION = YES;
				CLANG_WARN_DEPRECATED_OBJC_IMPLEMENTATIONS = YES;
				CLANG_WARN_DIRECT_OBJC_ISA_USAGE = YES_ERROR;
				CLANG_WARN_DOCUMENTATION_COMMENTS = YES;
				CLANG_WARN_EMPTY_BODY = YES;
				CLANG_WARN_ENUM_CONVERSION = YES;
				CLANG_WARN_INFINITE_RECURSION = YES;
				CLANG_WARN_INT_CONVERSION = YES;
				CLANG_WARN_NON_LITERAL_NULL_CONVERSION = YES;
				CLANG_WARN_OBJC_IMPLICIT_RETAIN_SELF = YES;
				CLANG_WARN_OBJC_LITERAL_CONVERSION = YES;
				CLANG_WARN_OBJC_ROOT_CLASS = YES_ERROR;
				CLANG_WARN_QUOTED_INCLUDE_IN_FRAMEWORK_HEADER = YES;
				CLANG_WARN_RANGE_LOOP_ANALYSIS = YES;
				CLANG_WARN_STRICT_PROTOTYPES = YES;
				CLANG_WARN_SUSPICIOUS_MOVE = YES;
				CLANG_WARN_UNGUARDED_AVAILABILITY = YES_AGGRESSIVE;
				CLANG_WARN_UNREACHABLE_CODE = YES;
				CLANG_WARN__DUPLICATE_METHOD_MATCH = YES;
				COPY_PHASE_STRIP = NO;
				DEBUG_INFORMATION_FORMAT = "dwarf-with-dsym";
				ENABLE_NS_ASSERTIONS = NO;
				ENABLE_STRICT_OBJC_MSGSEND = YES;
				GCC_C_LANGUAGE_STANDARD = gnu11;
				GCC_NO_COMMON_BLOCKS = YES;
				GCC_WARN_64_TO_32_BIT_CONVERSION = YES;
				GCC_WARN_ABOUT_RETURN_TYPE = YES_ERROR;
				GCC_WARN_UNDECLARED_SELECTOR = YES;
				GCC_WARN_UNINITIALIZED_AUTOS = YES_AGGRESSIVE;
				GCC_WARN_UNUSED_FUNCTION = YES;
				GCC_WARN_UNUSED_VARIABLE = YES;
				IPHONEOS_DEPLOYMENT_TARGET = 16.1;
				MTL_ENABLE_DEBUG_INFO = NO;
				MTL_FAST_MATH = YES;
				SDKROOT = iphoneos;
				SWIFT_COMPILATION_MODE = wholemodule;
				SWIFT_OPTIMIZATION_LEVEL = "-O";
				VALIDATE_PRODUCT = YES;
			};
			name = Release;
		};
		51339E342DD3399D00238B19 /* Debug */ = {
			isa = XCBuildConfiguration;
			buildSettings = {
				ASSETCATALOG_COMPILER_APPICON_NAME = AppIcon;
				ASSETCATALOG_COMPILER_GLOBAL_ACCENT_COLOR_NAME = AccentColor;
				CODE_SIGN_STYLE = Automatic;
				CURRENT_PROJECT_VERSION = 1;
				DEVELOPMENT_ASSET_PATHS = "\"GlossikaVideoPlayer/Preview Content\"";
				ENABLE_PREVIEWS = YES;
				GENERATE_INFOPLIST_FILE = YES;
				INFOPLIST_FILE = GlossikaVideoPlayer/Info.plist;
				INFOPLIST_KEY_UIApplicationSceneManifest_Generation = YES;
				INFOPLIST_KEY_UIApplicationSupportsIndirectInputEvents = YES;
				INFOPLIST_KEY_UILaunchScreen_Generation = YES;
				INFOPLIST_KEY_UISupportedInterfaceOrientations_iPad = "UIInterfaceOrientationPortrait UIInterfaceOrientationPortraitUpsideDown UIInterfaceOrientationLandscapeLeft UIInterfaceOrientationLandscapeRight";
				INFOPLIST_KEY_UISupportedInterfaceOrientations_iPhone = "UIInterfaceOrientationPortrait UIInterfaceOrientationLandscapeLeft UIInterfaceOrientationLandscapeRight";
				LD_RUNPATH_SEARCH_PATHS = (
					"$(inherited)",
					"@executable_path/Frameworks",
				);
				MARKETING_VERSION = 1.0;
				PRODUCT_BUNDLE_IDENTIFIER = com.rexjamesg.GlossikaVideoPlayer.GlossikaVideoPlayer;
				PRODUCT_NAME = "$(TARGET_NAME)";
				SWIFT_EMIT_LOC_STRINGS = YES;
				SWIFT_VERSION = 5.0;
				TARGETED_DEVICE_FAMILY = "1,2";
			};
			name = Debug;
		};
		51339E352DD3399D00238B19 /* Release */ = {
			isa = XCBuildConfiguration;
			buildSettings = {
				ASSETCATALOG_COMPILER_APPICON_NAME = AppIcon;
				ASSETCATALOG_COMPILER_GLOBAL_ACCENT_COLOR_NAME = AccentColor;
				CODE_SIGN_STYLE = Automatic;
				CURRENT_PROJECT_VERSION = 1;
				DEVELOPMENT_ASSET_PATHS = "\"GlossikaVideoPlayer/Preview Content\"";
				ENABLE_PREVIEWS = YES;
				GENERATE_INFOPLIST_FILE = YES;
				INFOPLIST_FILE = GlossikaVideoPlayer/Info.plist;
				INFOPLIST_KEY_UIApplicationSceneManifest_Generation = YES;
				INFOPLIST_KEY_UIApplicationSupportsIndirectInputEvents = YES;
				INFOPLIST_KEY_UILaunchScreen_Generation = YES;
				INFOPLIST_KEY_UISupportedInterfaceOrientations_iPad = "UIInterfaceOrientationPortrait UIInterfaceOrientationPortraitUpsideDown UIInterfaceOrientationLandscapeLeft UIInterfaceOrientationLandscapeRight";
				INFOPLIST_KEY_UISupportedInterfaceOrientations_iPhone = "UIInterfaceOrientationPortrait UIInterfaceOrientationLandscapeLeft UIInterfaceOrientationLandscapeRight";
				LD_RUNPATH_SEARCH_PATHS = (
					"$(inherited)",
					"@executable_path/Frameworks",
				);
				MARKETING_VERSION = 1.0;
				PRODUCT_BUNDLE_IDENTIFIER = com.rexjamesg.GlossikaVideoPlayer.GlossikaVideoPlayer;
				PRODUCT_NAME = "$(TARGET_NAME)";
				SWIFT_EMIT_LOC_STRINGS = YES;
				SWIFT_VERSION = 5.0;
				TARGETED_DEVICE_FAMILY = "1,2";
			};
			name = Release;
		};
/* End XCBuildConfiguration section */

/* Begin XCConfigurationList section */
		51339E202DD3399B00238B19 /* Build configuration list for PBXProject "GlossikaVideoPlayer" */ = {
			isa = XCConfigurationList;
			buildConfigurations = (
				51339E312DD3399D00238B19 /* Debug */,
				51339E322DD3399D00238B19 /* Release */,
			);
			defaultConfigurationIsVisible = 0;
			defaultConfigurationName = Release;
		};
		51339E332DD3399D00238B19 /* Build configuration list for PBXNativeTarget "GlossikaVideoPlayer" */ = {
			isa = XCConfigurationList;
			buildConfigurations = (
				51339E342DD3399D00238B19 /* Debug */,
				51339E352DD3399D00238B19 /* Release */,
			);
			defaultConfigurationIsVisible = 0;
			defaultConfigurationName = Release;
		};
/* End XCConfigurationList section */

/* Begin XCRemoteSwiftPackageReference section */
		51339E492DD3452800238B19 /* XCRemoteSwiftPackageReference "Kingfisher" */ = {
			isa = XCRemoteSwiftPackageReference;
			repositoryURL = "https://github.com/onevcat/Kingfisher.git";
			requirement = {
				kind = upToNextMajorVersion;
				minimumVersion = 7.0.0;
			};
		};
/* End XCRemoteSwiftPackageReference section */

/* Begin XCSwiftPackageProductDependency section */
		51339E4A2DD3452800238B19 /* Kingfisher */ = {
			isa = XCSwiftPackageProductDependency;
			package = 51339E492DD3452800238B19 /* XCRemoteSwiftPackageReference "Kingfisher" */;
			productName = Kingfisher;
		};
/* End XCSwiftPackageProductDependency section */
	};
	rootObject = 51339E1D2DD3399B00238B19 /* Project object */;
}
